
Microsoft Visual Studio Solution File, Format Version 12.00
# Visual Studio Version 17
VisualStudioVersion = 17.9.34622.214
MinimumVisualStudioVersion = 10.0.40219.1
Project("{FAE04EC0-301F-11D3-BF4B-00C04F79EFBC}") = "HotelKikas", "HotelKikas.csproj", "{79BC6292-19EE-4A48-A957-69D7566A7BB9}"
EndProject
Global
	GlobalSection(SolutionConfigurationPlatforms) = preSolution
		Debug|Any CPU = Debug|Any CPU
		Release|Any CPU = Release|Any CPU
	EndGlobalSection
	GlobalSection(ProjectConfigurationPlatforms) = postSolution
		{79BC6292-19EE-4A48-A957-69D7566A7BB9}.Debug|Any CPU.ActiveCfg = Debug|Any CPU
		{79BC6292-19EE-4A48-A957-69D7566A7BB9}.Debug|Any CPU.Build.0 = Debug|Any CPU
		{79BC6292-19EE-4A48-A957-69D7566A7BB9}.Release|Any CPU.ActiveCfg = Release|Any CPU
		{79BC6292-19EE-4A48-A957-69D7566A7BB9}.Release|Any CPU.Build.0 = Release|Any CPU
	EndGlobalSection
	GlobalSection(SolutionProperties) = preSolution
		HideSolutionNode = FALSE
	EndGlobalSection
	GlobalSection(ExtensibilityGlobals) = postSolution
		SolutionGuid = {E852997B-30DB-4971-A6E9-B01C04C3ABAF}
	EndGlobalSection
EndGlobal
